// !$*UTF8*$!
{
	archiveVersion = 1;
	classes = {
	};
	objectVersion = 46;
	objects = {

/* Begin PBXBuildFile section */
		433AFB551C98B799007A9C3D /* DBTableViewCell.m in Sources */ = {isa = PBXBuildFile; fileRef = 433AFB541C98B799007A9C3D /* DBTableViewCell.m */; };
		433AFB5C1C9A07CC007A9C3D /* DBRequestFormViewController.m in Sources */ = {isa = PBXBuildFile; fileRef = 433AFB5B1C9A07CC007A9C3D /* DBRequestFormViewController.m */; };
		433AFB5E1C9CBEFD007A9C3D /* black-rose.ttf in Resources */ = {isa = PBXBuildFile; fileRef = 433AFB5D1C9CBEFD007A9C3D /* black-rose.ttf */; };
		433AFB631C9CC6A0007A9C3D /* DBAcDataSource.m in Sources */ = {isa = PBXBuildFile; fileRef = 433AFB621C9CC6A0007A9C3D /* DBAcDataSource.m */; };
		433AFB661C9CC726007A9C3D /* DBCustomAcObject.m in Sources */ = {isa = PBXBuildFile; fileRef = 433AFB651C9CC726007A9C3D /* DBCustomAcObject.m */; };
		72754326487E9FE1B4BA9255 /* libPods.a in Frameworks */ = {isa = PBXBuildFile; fileRef = 7DB27212E1D7B260061408D2 /* libPods.a */; };
		D4053F9D1CB4CE0300EDBA02 /* DBMessageViewController.m in Sources */ = {isa = PBXBuildFile; fileRef = D4053F9C1CB4CE0300EDBA02 /* DBMessageViewController.m */; };
		D43B16DD1CEFF66100E32348 /* message_icon.png in Resources */ = {isa = PBXBuildFile; fileRef = D43B16DC1CEFF66100E32348 /* message_icon.png */; };
		D43B16DF1CEFF6ED00E32348 /* warning_icon.png in Resources */ = {isa = PBXBuildFile; fileRef = D43B16DE1CEFF6ED00E32348 /* warning_icon.png */; };
		D43E34A41D0281D700F8CFB6 /* add.png in Resources */ = {isa = PBXBuildFile; fileRef = D43E34A31D0281D700F8CFB6 /* add.png */; };
		D43E34A81D02879F00F8CFB6 /* pencil.png in Resources */ = {isa = PBXBuildFile; fileRef = D43E34A71D02879F00F8CFB6 /* pencil.png */; };
		D43E34B01D037F4100F8CFB6 /* message_bubble.png in Resources */ = {isa = PBXBuildFile; fileRef = D43E34AF1D037F4100F8CFB6 /* message_bubble.png */; };
		D43E34B61D05311100F8CFB6 /* NSString+Utils.m in Sources */ = {isa = PBXBuildFile; fileRef = D43E34B51D05311100F8CFB6 /* NSString+Utils.m */; };
		D4422A271C8FC24E006D08E9 /* DBFeedTableViewController.m in Sources */ = {isa = PBXBuildFile; fileRef = D4422A261C8FC24E006D08E9 /* DBFeedTableViewController.m */; };
		D44417361CF26A2C0044CBFD /* GothamRoundedBook.ttf in Resources */ = {isa = PBXBuildFile; fileRef = D44417351CF269230044CBFD /* GothamRoundedBook.ttf */; };
		D44417391CF26B0A0044CBFD /* GothamRoundedMedium.ttf in Resources */ = {isa = PBXBuildFile; fileRef = D44417381CF26B060044CBFD /* GothamRoundedMedium.ttf */; };
		D444173A1CF26B0C0044CBFD /* GothamRoundedLight.ttf in Resources */ = {isa = PBXBuildFile; fileRef = D44417371CF26B060044CBFD /* GothamRoundedLight.ttf */; };
		D44D02081CF95B4B0039A187 /* DBGenericProfileViewController.m in Sources */ = {isa = PBXBuildFile; fileRef = D44D02071CF95B4B0039A187 /* DBGenericProfileViewController.m */; };
		D44D020B1CFA7DEA0039A187 /* DBSideMenuController.m in Sources */ = {isa = PBXBuildFile; fileRef = D44D020A1CFA7DEA0039A187 /* DBSideMenuController.m */; };
		D44D020E1CFB6B3E0039A187 /* DBLeftMenuViewController.m in Sources */ = {isa = PBXBuildFile; fileRef = D44D020D1CFB6B3E0039A187 /* DBLeftMenuViewController.m */; };
		D44D02161CFB79D60039A187 /* DBLeftMenuCell.m in Sources */ = {isa = PBXBuildFile; fileRef = D44D02141CFB79D60039A187 /* DBLeftMenuCell.m */; };
		D44D02171CFB79D60039A187 /* DBLeftMenuCell.xib in Resources */ = {isa = PBXBuildFile; fileRef = D44D02151CFB79D60039A187 /* DBLeftMenuCell.xib */; };
		D44D021A1CFBD6DA0039A187 /* DBSettingsViewController.m in Sources */ = {isa = PBXBuildFile; fileRef = D44D02191CFBD6DA0039A187 /* DBSettingsViewController.m */; };
		D44D02211CFBE7290039A187 /* DBBlockedUsersViewController.m in Sources */ = {isa = PBXBuildFile; fileRef = D44D02201CFBE7290039A187 /* DBBlockedUsersViewController.m */; };
		D44D02241CFCFC000039A187 /* menu_icon1.png in Resources */ = {isa = PBXBuildFile; fileRef = D44D02231CFCFC000039A187 /* menu_icon1.png */; };
		D44D026E1CFD3A300039A187 /* DBNotificationSettingsViewController.m in Sources */ = {isa = PBXBuildFile; fileRef = D44D026D1CFD3A300039A187 /* DBNotificationSettingsViewController.m */; };
		D44D02711CFD3E8C0039A187 /* DBEventsViewController.m in Sources */ = {isa = PBXBuildFile; fileRef = D44D02701CFD3E8C0039A187 /* DBEventsViewController.m */; };
		D458A7EC1C5C36B200F47581 /* main.m in Sources */ = {isa = PBXBuildFile; fileRef = D458A7EB1C5C36B200F47581 /* main.m */; };
		D458A7EF1C5C36B200F47581 /* AppDelegate.m in Sources */ = {isa = PBXBuildFile; fileRef = D458A7EE1C5C36B200F47581 /* AppDelegate.m */; };
		D458A7F21C5C36B200F47581 /* DBLoginViewController.m in Sources */ = {isa = PBXBuildFile; fileRef = D458A7F11C5C36B200F47581 /* DBLoginViewController.m */; };
		D458A7F51C5C36B200F47581 /* Main.storyboard in Resources */ = {isa = PBXBuildFile; fileRef = D458A7F31C5C36B200F47581 /* Main.storyboard */; };
		D458A7F71C5C36B200F47581 /* Assets.xcassets in Resources */ = {isa = PBXBuildFile; fileRef = D458A7F61C5C36B200F47581 /* Assets.xcassets */; };
		D458A7FA1C5C36B200F47581 /* LaunchScreen.storyboard in Resources */ = {isa = PBXBuildFile; fileRef = D458A7F81C5C36B200F47581 /* LaunchScreen.storyboard */; };
		D458A8051C5C36B200F47581 /* DoorbellTests.m in Sources */ = {isa = PBXBuildFile; fileRef = D458A8041C5C36B200F47581 /* DoorbellTests.m */; };
		D458A8101C5C36B200F47581 /* DoorbellUITests.m in Sources */ = {isa = PBXBuildFile; fileRef = D458A80F1C5C36B200F47581 /* DoorbellUITests.m */; };
		D458A8351C6189F200F47581 /* DBProfileViewController.m in Sources */ = {isa = PBXBuildFile; fileRef = D458A8341C6189F200F47581 /* DBProfileViewController.m */; };
		D45BFC6D1CE2950A007EEF66 /* DBBulletinFormViewController.m in Sources */ = {isa = PBXBuildFile; fileRef = D45BFC6C1CE2950A007EEF66 /* DBBulletinFormViewController.m */; };
		D45BFC711CE2A59A007EEF66 /* Chat_white.png in Resources */ = {isa = PBXBuildFile; fileRef = D45BFC6E1CE2A59A007EEF66 /* Chat_white.png */; };
		D45BFC721CE2A59A007EEF66 /* Close_blue.png in Resources */ = {isa = PBXBuildFile; fileRef = D45BFC6F1CE2A59A007EEF66 /* Close_blue.png */; };
		D45BFC731CE2A59A007EEF66 /* User_Profile_white.png in Resources */ = {isa = PBXBuildFile; fileRef = D45BFC701CE2A59A007EEF66 /* User_Profile_white.png */; };
		D45BFC791CE2B111007EEF66 /* bell.png in Resources */ = {isa = PBXBuildFile; fileRef = D45BFC781CE2B111007EEF66 /* bell.png */; };
		D45BFC7B1CE2B1B6007EEF66 /* envelope2.png in Resources */ = {isa = PBXBuildFile; fileRef = D45BFC7A1CE2B1B6007EEF66 /* envelope2.png */; };
		D45BFC7D1CE2BFC7007EEF66 /* Arrowhead-Right.png in Resources */ = {isa = PBXBuildFile; fileRef = D45BFC7C1CE2BFC7007EEF66 /* Arrowhead-Right.png */; };
		D45BFC7F1CE2BFEC007EEF66 /* Logout.png in Resources */ = {isa = PBXBuildFile; fileRef = D45BFC7E1CE2BFEC007EEF66 /* Logout.png */; };
		D45BFC821CE2CF37007EEF66 /* DBSearchUserViewController.m in Sources */ = {isa = PBXBuildFile; fileRef = D45BFC811CE2CF37007EEF66 /* DBSearchUserViewController.m */; };
		D45FC8C81D0F3BD20099BCD6 /* KILabel.m in Sources */ = {isa = PBXBuildFile; fileRef = D45FC8C71D0F3BD20099BCD6 /* KILabel.m */; };
		D45FC8CC1D10D12E0099BCD6 /* compose.png in Resources */ = {isa = PBXBuildFile; fileRef = D45FC8CB1D10D12E0099BCD6 /* compose.png */; };
		D45FC8D01D10FD250099BCD6 /* reply.png in Resources */ = {isa = PBXBuildFile; fileRef = D45FC8CF1D10FD250099BCD6 /* reply.png */; };
		D45FC8D81D1100EE0099BCD6 /* circle-filled.png in Resources */ = {isa = PBXBuildFile; fileRef = D45FC8D71D1100EE0099BCD6 /* circle-filled.png */; };
		D45FC8DE1D111A4B0099BCD6 /* bubble_custom@3x.png in Resources */ = {isa = PBXBuildFile; fileRef = D45FC8DD1D111A4B0099BCD6 /* bubble_custom@3x.png */; };
		D45FC8E01D111D580099BCD6 /* bubble_custom1@3x.png in Resources */ = {isa = PBXBuildFile; fileRef = D45FC8DF1D111D580099BCD6 /* bubble_custom1@3x.png */; };
		D45FC8E21D111F420099BCD6 /* bubble_custom2.png in Resources */ = {isa = PBXBuildFile; fileRef = D45FC8E11D111F420099BCD6 /* bubble_custom2.png */; };
		D45FC8E41D11E1BD0099BCD6 /* bubble_custom3@3x.png in Resources */ = {isa = PBXBuildFile; fileRef = D45FC8E31D11E1BD0099BCD6 /* bubble_custom3@3x.png */; };
		D45FC8E71D11E4210099BCD6 /* DBBuildingSettingsViewController.m in Sources */ = {isa = PBXBuildFile; fileRef = D45FC8E61D11E4210099BCD6 /* DBBuildingSettingsViewController.m */; };
		D45FC8E91D122AA80099BCD6 /* back-button.png in Resources */ = {isa = PBXBuildFile; fileRef = D45FC8E81D122AA80099BCD6 /* back-button.png */; };
		D45FC8EB1D122B060099BCD6 /* back-button2.png in Resources */ = {isa = PBXBuildFile; fileRef = D45FC8EA1D122B060099BCD6 /* back-button2.png */; };
		D45FC8EE1D122B6C0099BCD6 /* UIViewController+Utils.m in Sources */ = {isa = PBXBuildFile; fileRef = D45FC8ED1D122B6C0099BCD6 /* UIViewController+Utils.m */; };
		D487E8E01CFD481F009CEA01 /* event1.png in Resources */ = {isa = PBXBuildFile; fileRef = D487E8DB1CFD481F009CEA01 /* event1.png */; };
		D487E8E11CFD481F009CEA01 /* home1.png in Resources */ = {isa = PBXBuildFile; fileRef = D487E8DC1CFD481F009CEA01 /* home1.png */; };
		D487E8E21CFD481F009CEA01 /* notification1.png in Resources */ = {isa = PBXBuildFile; fileRef = D487E8DD1CFD481F009CEA01 /* notification1.png */; };
		D487E8E31CFD481F009CEA01 /* profile1.png in Resources */ = {isa = PBXBuildFile; fileRef = D487E8DE1CFD481F009CEA01 /* profile1.png */; };
		D487E8E41CFD481F009CEA01 /* settings1.png in Resources */ = {isa = PBXBuildFile; fileRef = D487E8DF1CFD481F009CEA01 /* settings1.png */; };
		D487E8E71CFD4F92009CEA01 /* DBFeedbackViewController.m in Sources */ = {isa = PBXBuildFile; fileRef = D487E8E61CFD4F92009CEA01 /* DBFeedbackViewController.m */; };
		D487E8E91CFE65BC009CEA01 /* heart.png in Resources */ = {isa = PBXBuildFile; fileRef = D487E8E81CFE65BC009CEA01 /* heart.png */; };
		D487E8EC1CFE8B9D009CEA01 /* DBCommentViewController.m in Sources */ = {isa = PBXBuildFile; fileRef = D487E8EB1CFE8B9D009CEA01 /* DBCommentViewController.m */; };
		D487E8EF1CFF4D17009CEA01 /* newyork.jpg in Resources */ = {isa = PBXBuildFile; fileRef = D487E8EE1CFF4D17009CEA01 /* newyork.jpg */; };
		D487E8F21CFF723B009CEA01 /* DBCommentTopCell.m in Sources */ = {isa = PBXBuildFile; fileRef = D487E8F11CFF723B009CEA01 /* DBCommentTopCell.m */; };
		D487E8F51CFF725E009CEA01 /* DBCommentChatCell.m in Sources */ = {isa = PBXBuildFile; fileRef = D487E8F41CFF725E009CEA01 /* DBCommentChatCell.m */; };
		D487E8F91CFF84F9009CEA01 /* DBCommentLikeCell.m in Sources */ = {isa = PBXBuildFile; fileRef = D487E8F81CFF84F9009CEA01 /* DBCommentLikeCell.m */; };
		D487E8FB1CFF8611009CEA01 /* heart_large@2x.png in Resources */ = {isa = PBXBuildFile; fileRef = D487E8FA1CFF8611009CEA01 /* heart_large@2x.png */; };
		D487E8FF1CFFEAA6009CEA01 /* NextGrowingInternalTextView.swift in Sources */ = {isa = PBXBuildFile; fileRef = D487E8FD1CFFEAA6009CEA01 /* NextGrowingInternalTextView.swift */; };
		D487E9001CFFEAA6009CEA01 /* NextGrowingTextView.swift in Sources */ = {isa = PBXBuildFile; fileRef = D487E8FE1CFFEAA6009CEA01 /* NextGrowingTextView.swift */; };
		D487E9031D00B6CC009CEA01 /* DBObjectManager.m in Sources */ = {isa = PBXBuildFile; fileRef = D487E9021D00B6CC009CEA01 /* DBObjectManager.m */; };
		D487E9061D00EF29009CEA01 /* DBProfileEditViewController.m in Sources */ = {isa = PBXBuildFile; fileRef = D487E9051D00EF29009CEA01 /* DBProfileEditViewController.m */; };
		D487E9091D00F0A1009CEA01 /* UIImageView+Profile.m in Sources */ = {isa = PBXBuildFile; fileRef = D487E9081D00F0A1009CEA01 /* UIImageView+Profile.m */; };
		D4EE0BE91CA21BE6004A5A9F /* boston.png in Resources */ = {isa = PBXBuildFile; fileRef = D4EE0BE81CA21BE6004A5A9F /* boston.png */; };
		D4EE0BEB1CA24FB9004A5A9F /* profile_icon.png in Resources */ = {isa = PBXBuildFile; fileRef = D4EE0BEA1CA24FB9004A5A9F /* profile_icon.png */; };
		D4EE0BEE1CA36D4F004A5A9F /* DBNavigationController.m in Sources */ = {isa = PBXBuildFile; fileRef = D4EE0BED1CA36D4F004A5A9F /* DBNavigationController.m */; };
		D4EE0BF01CA4C762004A5A9F /* login-with-fb.png in Resources */ = {isa = PBXBuildFile; fileRef = D4EE0BEF1CA4C762004A5A9F /* login-with-fb.png */; };
		D4EE0BF21CA4CA00004A5A9F /* loginBackgroundImage.png in Resources */ = {isa = PBXBuildFile; fileRef = D4EE0BF11CA4CA00004A5A9F /* loginBackgroundImage.png */; };
		D4EE0BF41CA4CD6B004A5A9F /* DBhigh_white.png in Resources */ = {isa = PBXBuildFile; fileRef = D4EE0BF31CA4CD6B004A5A9F /* DBhigh_white.png */; };
		D4EE0BF61CA4CEB0004A5A9F /* mountainLake.png in Resources */ = {isa = PBXBuildFile; fileRef = D4EE0BF51CA4CEB0004A5A9F /* mountainLake.png */; };
		D4EE0BF81CA4CF89004A5A9F /* DBhigh_white2.png in Resources */ = {isa = PBXBuildFile; fileRef = D4EE0BF71CA4CF89004A5A9F /* DBhigh_white2.png */; };
		D4EE0BFB1CAED008004A5A9F /* DBChatTableViewController.m in Sources */ = {isa = PBXBuildFile; fileRef = D4EE0BFA1CAED004004A5A9F /* DBChatTableViewController.m */; };
		D4EE0BFE1CAED26E004A5A9F /* DBChatViewCell.m in Sources */ = {isa = PBXBuildFile; fileRef = D4EE0BFD1CAED26E004A5A9F /* DBChatViewCell.m */; };
		D4F951DA1CB5B5F5009B6057 /* DBChatData.m in Sources */ = {isa = PBXBuildFile; fileRef = D4F951D91CB5B5F5009B6057 /* DBChatData.m */; };
		D4F951DE1CB726C4009B6057 /* kanye.jpg in Resources */ = {isa = PBXBuildFile; fileRef = D4F951DD1CB726C4009B6057 /* kanye.jpg */; };
		D4F951E21CC07162009B6057 /* DBChatNavigationController.m in Sources */ = {isa = PBXBuildFile; fileRef = D4F951E11CC07161009B6057 /* DBChatNavigationController.m */; };
/* End PBXBuildFile section */

/* Begin PBXContainerItemProxy section */
		D458A8011C5C36B200F47581 /* PBXContainerItemProxy */ = {
			isa = PBXContainerItemProxy;
			containerPortal = D458A7DF1C5C36B200F47581 /* Project object */;
			proxyType = 1;
			remoteGlobalIDString = D458A7E61C5C36B200F47581;
			remoteInfo = Doorbell;
		};
		D458A80C1C5C36B200F47581 /* PBXContainerItemProxy */ = {
			isa = PBXContainerItemProxy;
			containerPortal = D458A7DF1C5C36B200F47581 /* Project object */;
			proxyType = 1;
			remoteGlobalIDString = D458A7E61C5C36B200F47581;
			remoteInfo = Doorbell;
		};
/* End PBXContainerItemProxy section */

/* Begin PBXFileReference section */
		22A6800498CE19204F21989A /* Pods.debug.xcconfig */ = {isa = PBXFileReference; includeInIndex = 1; lastKnownFileType = text.xcconfig; name = Pods.debug.xcconfig; path = "Pods/Target Support Files/Pods/Pods.debug.xcconfig"; sourceTree = "<group>"; };
		433AFB531C98B799007A9C3D /* DBTableViewCell.h */ = {isa = PBXFileReference; fileEncoding = 4; lastKnownFileType = sourcecode.c.h; path = DBTableViewCell.h; sourceTree = "<group>"; };
		433AFB541C98B799007A9C3D /* DBTableViewCell.m */ = {isa = PBXFileReference; fileEncoding = 4; lastKnownFileType = sourcecode.c.objc; path = DBTableViewCell.m; sourceTree = "<group>"; };
		433AFB5A1C9A07CC007A9C3D /* DBRequestFormViewController.h */ = {isa = PBXFileReference; fileEncoding = 4; lastKnownFileType = sourcecode.c.h; path = DBRequestFormViewController.h; sourceTree = "<group>"; };
		433AFB5B1C9A07CC007A9C3D /* DBRequestFormViewController.m */ = {isa = PBXFileReference; fileEncoding = 4; lastKnownFileType = sourcecode.c.objc; path = DBRequestFormViewController.m; sourceTree = "<group>"; };
		433AFB5D1C9CBEFD007A9C3D /* black-rose.ttf */ = {isa = PBXFileReference; lastKnownFileType = file; path = "black-rose.ttf"; sourceTree = "<group>"; };
		433AFB611C9CC6A0007A9C3D /* DBAcDataSource.h */ = {isa = PBXFileReference; fileEncoding = 4; lastKnownFileType = sourcecode.c.h; path = DBAcDataSource.h; sourceTree = "<group>"; };
		433AFB621C9CC6A0007A9C3D /* DBAcDataSource.m */ = {isa = PBXFileReference; fileEncoding = 4; lastKnownFileType = sourcecode.c.objc; path = DBAcDataSource.m; sourceTree = "<group>"; };
		433AFB641C9CC726007A9C3D /* DBCustomAcObject.h */ = {isa = PBXFileReference; fileEncoding = 4; lastKnownFileType = sourcecode.c.h; path = DBCustomAcObject.h; sourceTree = "<group>"; };
		433AFB651C9CC726007A9C3D /* DBCustomAcObject.m */ = {isa = PBXFileReference; fileEncoding = 4; lastKnownFileType = sourcecode.c.objc; path = DBCustomAcObject.m; sourceTree = "<group>"; };
		7DB27212E1D7B260061408D2 /* libPods.a */ = {isa = PBXFileReference; explicitFileType = archive.ar; includeInIndex = 0; path = libPods.a; sourceTree = BUILT_PRODUCTS_DIR; };
		804D32184CDDE3BFB037E9A5 /* Pods.release.xcconfig */ = {isa = PBXFileReference; includeInIndex = 1; lastKnownFileType = text.xcconfig; name = Pods.release.xcconfig; path = "Pods/Target Support Files/Pods/Pods.release.xcconfig"; sourceTree = "<group>"; };
		D4053F9B1CB4CE0300EDBA02 /* DBMessageViewController.h */ = {isa = PBXFileReference; fileEncoding = 4; lastKnownFileType = sourcecode.c.h; path = DBMessageViewController.h; sourceTree = "<group>"; };
		D4053F9C1CB4CE0300EDBA02 /* DBMessageViewController.m */ = {isa = PBXFileReference; fileEncoding = 4; lastKnownFileType = sourcecode.c.objc; path = DBMessageViewController.m; sourceTree = "<group>"; };
		D43B16DC1CEFF66100E32348 /* message_icon.png */ = {isa = PBXFileReference; lastKnownFileType = image.png; path = message_icon.png; sourceTree = "<group>"; };
		D43B16DE1CEFF6ED00E32348 /* warning_icon.png */ = {isa = PBXFileReference; lastKnownFileType = image.png; path = warning_icon.png; sourceTree = "<group>"; };
		D43E34A31D0281D700F8CFB6 /* add.png */ = {isa = PBXFileReference; lastKnownFileType = image.png; path = add.png; sourceTree = "<group>"; };
		D43E34A71D02879F00F8CFB6 /* pencil.png */ = {isa = PBXFileReference; lastKnownFileType = image.png; path = pencil.png; sourceTree = "<group>"; };
		D43E34AF1D037F4100F8CFB6 /* message_bubble.png */ = {isa = PBXFileReference; lastKnownFileType = image.png; path = message_bubble.png; sourceTree = "<group>"; };
		D43E34B41D05311100F8CFB6 /* NSString+Utils.h */ = {isa = PBXFileReference; fileEncoding = 4; lastKnownFileType = sourcecode.c.h; path = "NSString+Utils.h"; sourceTree = "<group>"; };
		D43E34B51D05311100F8CFB6 /* NSString+Utils.m */ = {isa = PBXFileReference; fileEncoding = 4; lastKnownFileType = sourcecode.c.objc; path = "NSString+Utils.m"; sourceTree = "<group>"; };
		D4422A251C8FC24E006D08E9 /* DBFeedTableViewController.h */ = {isa = PBXFileReference; fileEncoding = 4; lastKnownFileType = sourcecode.c.h; path = DBFeedTableViewController.h; sourceTree = "<group>"; };
		D4422A261C8FC24E006D08E9 /* DBFeedTableViewController.m */ = {isa = PBXFileReference; fileEncoding = 4; lastKnownFileType = sourcecode.c.objc; path = DBFeedTableViewController.m; sourceTree = "<group>"; };
		D44417351CF269230044CBFD /* GothamRoundedBook.ttf */ = {isa = PBXFileReference; lastKnownFileType = file; path = GothamRoundedBook.ttf; sourceTree = "<group>"; };
		D44417371CF26B060044CBFD /* GothamRoundedLight.ttf */ = {isa = PBXFileReference; lastKnownFileType = file; path = GothamRoundedLight.ttf; sourceTree = "<group>"; };
		D44417381CF26B060044CBFD /* GothamRoundedMedium.ttf */ = {isa = PBXFileReference; lastKnownFileType = file; path = GothamRoundedMedium.ttf; sourceTree = "<group>"; };
		D44D02061CF95B4B0039A187 /* DBGenericProfileViewController.h */ = {isa = PBXFileReference; fileEncoding = 4; lastKnownFileType = sourcecode.c.h; path = DBGenericProfileViewController.h; sourceTree = "<group>"; };
		D44D02071CF95B4B0039A187 /* DBGenericProfileViewController.m */ = {isa = PBXFileReference; fileEncoding = 4; lastKnownFileType = sourcecode.c.objc; path = DBGenericProfileViewController.m; sourceTree = "<group>"; };
		D44D02091CFA7DEA0039A187 /* DBSideMenuController.h */ = {isa = PBXFileReference; fileEncoding = 4; lastKnownFileType = sourcecode.c.h; path = DBSideMenuController.h; sourceTree = "<group>"; };
		D44D020A1CFA7DEA0039A187 /* DBSideMenuController.m */ = {isa = PBXFileReference; fileEncoding = 4; lastKnownFileType = sourcecode.c.objc; path = DBSideMenuController.m; sourceTree = "<group>"; };
		D44D020C1CFB6B3E0039A187 /* DBLeftMenuViewController.h */ = {isa = PBXFileReference; fileEncoding = 4; lastKnownFileType = sourcecode.c.h; path = DBLeftMenuViewController.h; sourceTree = "<group>"; };
		D44D020D1CFB6B3E0039A187 /* DBLeftMenuViewController.m */ = {isa = PBXFileReference; fileEncoding = 4; lastKnownFileType = sourcecode.c.objc; path = DBLeftMenuViewController.m; sourceTree = "<group>"; };
		D44D02131CFB79D60039A187 /* DBLeftMenuCell.h */ = {isa = PBXFileReference; fileEncoding = 4; lastKnownFileType = sourcecode.c.h; path = DBLeftMenuCell.h; sourceTree = "<group>"; };
		D44D02141CFB79D60039A187 /* DBLeftMenuCell.m */ = {isa = PBXFileReference; fileEncoding = 4; lastKnownFileType = sourcecode.c.objc; path = DBLeftMenuCell.m; sourceTree = "<group>"; };
		D44D02151CFB79D60039A187 /* DBLeftMenuCell.xib */ = {isa = PBXFileReference; fileEncoding = 4; lastKnownFileType = file.xib; path = DBLeftMenuCell.xib; sourceTree = "<group>"; };
		D44D02181CFBD6DA0039A187 /* DBSettingsViewController.h */ = {isa = PBXFileReference; fileEncoding = 4; lastKnownFileType = sourcecode.c.h; path = DBSettingsViewController.h; sourceTree = "<group>"; };
		D44D02191CFBD6DA0039A187 /* DBSettingsViewController.m */ = {isa = PBXFileReference; fileEncoding = 4; lastKnownFileType = sourcecode.c.objc; path = DBSettingsViewController.m; sourceTree = "<group>"; };
		D44D021F1CFBE7290039A187 /* DBBlockedUsersViewController.h */ = {isa = PBXFileReference; fileEncoding = 4; lastKnownFileType = sourcecode.c.h; path = DBBlockedUsersViewController.h; sourceTree = "<group>"; };
		D44D02201CFBE7290039A187 /* DBBlockedUsersViewController.m */ = {isa = PBXFileReference; fileEncoding = 4; lastKnownFileType = sourcecode.c.objc; path = DBBlockedUsersViewController.m; sourceTree = "<group>"; };
		D44D02231CFCFC000039A187 /* menu_icon1.png */ = {isa = PBXFileReference; lastKnownFileType = image.png; path = menu_icon1.png; sourceTree = "<group>"; };
		D44D026C1CFD3A300039A187 /* DBNotificationSettingsViewController.h */ = {isa = PBXFileReference; fileEncoding = 4; lastKnownFileType = sourcecode.c.h; path = DBNotificationSettingsViewController.h; sourceTree = "<group>"; };
		D44D026D1CFD3A300039A187 /* DBNotificationSettingsViewController.m */ = {isa = PBXFileReference; fileEncoding = 4; lastKnownFileType = sourcecode.c.objc; path = DBNotificationSettingsViewController.m; sourceTree = "<group>"; };
		D44D026F1CFD3E8C0039A187 /* DBEventsViewController.h */ = {isa = PBXFileReference; fileEncoding = 4; lastKnownFileType = sourcecode.c.h; path = DBEventsViewController.h; sourceTree = "<group>"; };
		D44D02701CFD3E8C0039A187 /* DBEventsViewController.m */ = {isa = PBXFileReference; fileEncoding = 4; lastKnownFileType = sourcecode.c.objc; path = DBEventsViewController.m; sourceTree = "<group>"; };
		D458A7E71C5C36B200F47581 /* Doorbell.app */ = {isa = PBXFileReference; explicitFileType = wrapper.application; includeInIndex = 0; path = Doorbell.app; sourceTree = BUILT_PRODUCTS_DIR; };
		D458A7EB1C5C36B200F47581 /* main.m */ = {isa = PBXFileReference; lastKnownFileType = sourcecode.c.objc; path = main.m; sourceTree = "<group>"; };
		D458A7ED1C5C36B200F47581 /* AppDelegate.h */ = {isa = PBXFileReference; lastKnownFileType = sourcecode.c.h; path = AppDelegate.h; sourceTree = "<group>"; };
		D458A7EE1C5C36B200F47581 /* AppDelegate.m */ = {isa = PBXFileReference; lastKnownFileType = sourcecode.c.objc; path = AppDelegate.m; sourceTree = "<group>"; };
		D458A7F01C5C36B200F47581 /* DBLoginViewController.h */ = {isa = PBXFileReference; lastKnownFileType = sourcecode.c.h; path = DBLoginViewController.h; sourceTree = "<group>"; };
		D458A7F11C5C36B200F47581 /* DBLoginViewController.m */ = {isa = PBXFileReference; lastKnownFileType = sourcecode.c.objc; path = DBLoginViewController.m; sourceTree = "<group>"; };
		D458A7F41C5C36B200F47581 /* Base */ = {isa = PBXFileReference; lastKnownFileType = file.storyboard; name = Base; path = Base.lproj/Main.storyboard; sourceTree = "<group>"; };
		D458A7F61C5C36B200F47581 /* Assets.xcassets */ = {isa = PBXFileReference; lastKnownFileType = folder.assetcatalog; path = Assets.xcassets; sourceTree = "<group>"; };
		D458A7F91C5C36B200F47581 /* Base */ = {isa = PBXFileReference; lastKnownFileType = file.storyboard; name = Base; path = Base.lproj/LaunchScreen.storyboard; sourceTree = "<group>"; };
		D458A7FB1C5C36B200F47581 /* Info.plist */ = {isa = PBXFileReference; lastKnownFileType = text.plist.xml; path = Info.plist; sourceTree = "<group>"; };
		D458A8001C5C36B200F47581 /* DoorbellTests.xctest */ = {isa = PBXFileReference; explicitFileType = wrapper.cfbundle; includeInIndex = 0; path = DoorbellTests.xctest; sourceTree = BUILT_PRODUCTS_DIR; };
		D458A8041C5C36B200F47581 /* DoorbellTests.m */ = {isa = PBXFileReference; lastKnownFileType = sourcecode.c.objc; path = DoorbellTests.m; sourceTree = "<group>"; };
		D458A8061C5C36B200F47581 /* Info.plist */ = {isa = PBXFileReference; lastKnownFileType = text.plist.xml; path = Info.plist; sourceTree = "<group>"; };
		D458A80B1C5C36B200F47581 /* DoorbellUITests.xctest */ = {isa = PBXFileReference; explicitFileType = wrapper.cfbundle; includeInIndex = 0; path = DoorbellUITests.xctest; sourceTree = BUILT_PRODUCTS_DIR; };
		D458A80F1C5C36B200F47581 /* DoorbellUITests.m */ = {isa = PBXFileReference; lastKnownFileType = sourcecode.c.objc; path = DoorbellUITests.m; sourceTree = "<group>"; };
		D458A8111C5C36B200F47581 /* Info.plist */ = {isa = PBXFileReference; lastKnownFileType = text.plist.xml; path = Info.plist; sourceTree = "<group>"; };
		D458A8331C6189F200F47581 /* DBProfileViewController.h */ = {isa = PBXFileReference; fileEncoding = 4; lastKnownFileType = sourcecode.c.h; path = DBProfileViewController.h; sourceTree = "<group>"; };
		D458A8341C6189F200F47581 /* DBProfileViewController.m */ = {isa = PBXFileReference; fileEncoding = 4; lastKnownFileType = sourcecode.c.objc; path = DBProfileViewController.m; sourceTree = "<group>"; };
		D45BFC6B1CE2950A007EEF66 /* DBBulletinFormViewController.h */ = {isa = PBXFileReference; fileEncoding = 4; lastKnownFileType = sourcecode.c.h; path = DBBulletinFormViewController.h; sourceTree = "<group>"; };
		D45BFC6C1CE2950A007EEF66 /* DBBulletinFormViewController.m */ = {isa = PBXFileReference; fileEncoding = 4; lastKnownFileType = sourcecode.c.objc; path = DBBulletinFormViewController.m; sourceTree = "<group>"; };
		D45BFC6E1CE2A59A007EEF66 /* Chat_white.png */ = {isa = PBXFileReference; lastKnownFileType = image.png; path = Chat_white.png; sourceTree = "<group>"; };
		D45BFC6F1CE2A59A007EEF66 /* Close_blue.png */ = {isa = PBXFileReference; lastKnownFileType = image.png; path = Close_blue.png; sourceTree = "<group>"; };
		D45BFC701CE2A59A007EEF66 /* User_Profile_white.png */ = {isa = PBXFileReference; lastKnownFileType = image.png; path = User_Profile_white.png; sourceTree = "<group>"; };
		D45BFC781CE2B111007EEF66 /* bell.png */ = {isa = PBXFileReference; lastKnownFileType = image.png; path = bell.png; sourceTree = "<group>"; };
		D45BFC7A1CE2B1B6007EEF66 /* envelope2.png */ = {isa = PBXFileReference; lastKnownFileType = image.png; path = envelope2.png; sourceTree = "<group>"; };
		D45BFC7C1CE2BFC7007EEF66 /* Arrowhead-Right.png */ = {isa = PBXFileReference; lastKnownFileType = image.png; path = "Arrowhead-Right.png"; sourceTree = "<group>"; };
		D45BFC7E1CE2BFEC007EEF66 /* Logout.png */ = {isa = PBXFileReference; lastKnownFileType = image.png; path = Logout.png; sourceTree = "<group>"; };
		D45BFC801CE2CF37007EEF66 /* DBSearchUserViewController.h */ = {isa = PBXFileReference; fileEncoding = 4; lastKnownFileType = sourcecode.c.h; path = DBSearchUserViewController.h; sourceTree = "<group>"; };
		D45BFC811CE2CF37007EEF66 /* DBSearchUserViewController.m */ = {isa = PBXFileReference; fileEncoding = 4; lastKnownFileType = sourcecode.c.objc; path = DBSearchUserViewController.m; sourceTree = "<group>"; };
		D45FC8C61D0F3BD20099BCD6 /* KILabel.h */ = {isa = PBXFileReference; fileEncoding = 4; lastKnownFileType = sourcecode.c.h; path = KILabel.h; sourceTree = "<group>"; };
		D45FC8C71D0F3BD20099BCD6 /* KILabel.m */ = {isa = PBXFileReference; fileEncoding = 4; lastKnownFileType = sourcecode.c.objc; path = KILabel.m; sourceTree = "<group>"; };
		D45FC8CB1D10D12E0099BCD6 /* compose.png */ = {isa = PBXFileReference; lastKnownFileType = image.png; path = compose.png; sourceTree = "<group>"; };
		D45FC8CF1D10FD250099BCD6 /* reply.png */ = {isa = PBXFileReference; lastKnownFileType = image.png; path = reply.png; sourceTree = "<group>"; };
		D45FC8D71D1100EE0099BCD6 /* circle-filled.png */ = {isa = PBXFileReference; lastKnownFileType = image.png; path = "circle-filled.png"; sourceTree = "<group>"; };
		D45FC8DD1D111A4B0099BCD6 /* bubble_custom@3x.png */ = {isa = PBXFileReference; lastKnownFileType = image.png; path = "bubble_custom@3x.png"; sourceTree = "<group>"; };
		D45FC8DF1D111D580099BCD6 /* bubble_custom1@3x.png */ = {isa = PBXFileReference; lastKnownFileType = image.png; path = "bubble_custom1@3x.png"; sourceTree = "<group>"; };
		D45FC8E11D111F420099BCD6 /* bubble_custom2.png */ = {isa = PBXFileReference; lastKnownFileType = image.png; path = bubble_custom2.png; sourceTree = "<group>"; };
		D45FC8E31D11E1BD0099BCD6 /* bubble_custom3@3x.png */ = {isa = PBXFileReference; lastKnownFileType = image.png; path = "bubble_custom3@3x.png"; sourceTree = "<group>"; };
		D45FC8E51D11E4210099BCD6 /* DBBuildingSettingsViewController.h */ = {isa = PBXFileReference; fileEncoding = 4; lastKnownFileType = sourcecode.c.h; path = DBBuildingSettingsViewController.h; sourceTree = "<group>"; };
		D45FC8E61D11E4210099BCD6 /* DBBuildingSettingsViewController.m */ = {isa = PBXFileReference; fileEncoding = 4; lastKnownFileType = sourcecode.c.objc; path = DBBuildingSettingsViewController.m; sourceTree = "<group>"; };
		D45FC8E81D122AA80099BCD6 /* back-button.png */ = {isa = PBXFileReference; lastKnownFileType = image.png; path = "back-button.png"; sourceTree = "<group>"; };
		D45FC8EA1D122B060099BCD6 /* back-button2.png */ = {isa = PBXFileReference; lastKnownFileType = image.png; path = "back-button2.png"; sourceTree = "<group>"; };
		D45FC8EC1D122B6C0099BCD6 /* UIViewController+Utils.h */ = {isa = PBXFileReference; fileEncoding = 4; lastKnownFileType = sourcecode.c.h; path = "UIViewController+Utils.h"; sourceTree = "<group>"; };
		D45FC8ED1D122B6C0099BCD6 /* UIViewController+Utils.m */ = {isa = PBXFileReference; fileEncoding = 4; lastKnownFileType = sourcecode.c.objc; path = "UIViewController+Utils.m"; sourceTree = "<group>"; };
		D487E8DB1CFD481F009CEA01 /* event1.png */ = {isa = PBXFileReference; lastKnownFileType = image.png; path = event1.png; sourceTree = "<group>"; };
		D487E8DC1CFD481F009CEA01 /* home1.png */ = {isa = PBXFileReference; lastKnownFileType = image.png; path = home1.png; sourceTree = "<group>"; };
		D487E8DD1CFD481F009CEA01 /* notification1.png */ = {isa = PBXFileReference; lastKnownFileType = image.png; path = notification1.png; sourceTree = "<group>"; };
		D487E8DE1CFD481F009CEA01 /* profile1.png */ = {isa = PBXFileReference; lastKnownFileType = image.png; path = profile1.png; sourceTree = "<group>"; };
		D487E8DF1CFD481F009CEA01 /* settings1.png */ = {isa = PBXFileReference; lastKnownFileType = image.png; path = settings1.png; sourceTree = "<group>"; };
		D487E8E51CFD4F92009CEA01 /* DBFeedbackViewController.h */ = {isa = PBXFileReference; fileEncoding = 4; lastKnownFileType = sourcecode.c.h; path = DBFeedbackViewController.h; sourceTree = "<group>"; };
		D487E8E61CFD4F92009CEA01 /* DBFeedbackViewController.m */ = {isa = PBXFileReference; fileEncoding = 4; lastKnownFileType = sourcecode.c.objc; path = DBFeedbackViewController.m; sourceTree = "<group>"; };
		D487E8E81CFE65BC009CEA01 /* heart.png */ = {isa = PBXFileReference; lastKnownFileType = image.png; path = heart.png; sourceTree = "<group>"; };
		D487E8EA1CFE8B9D009CEA01 /* DBCommentViewController.h */ = {isa = PBXFileReference; fileEncoding = 4; lastKnownFileType = sourcecode.c.h; path = DBCommentViewController.h; sourceTree = "<group>"; };
		D487E8EB1CFE8B9D009CEA01 /* DBCommentViewController.m */ = {isa = PBXFileReference; fileEncoding = 4; lastKnownFileType = sourcecode.c.objc; path = DBCommentViewController.m; sourceTree = "<group>"; };
		D487E8EE1CFF4D17009CEA01 /* newyork.jpg */ = {isa = PBXFileReference; lastKnownFileType = image.jpeg; path = newyork.jpg; sourceTree = "<group>"; };
		D487E8F01CFF723B009CEA01 /* DBCommentTopCell.h */ = {isa = PBXFileReference; fileEncoding = 4; lastKnownFileType = sourcecode.c.h; path = DBCommentTopCell.h; sourceTree = "<group>"; };
		D487E8F11CFF723B009CEA01 /* DBCommentTopCell.m */ = {isa = PBXFileReference; fileEncoding = 4; lastKnownFileType = sourcecode.c.objc; path = DBCommentTopCell.m; sourceTree = "<group>"; };
		D487E8F31CFF725E009CEA01 /* DBCommentChatCell.h */ = {isa = PBXFileReference; fileEncoding = 4; lastKnownFileType = sourcecode.c.h; path = DBCommentChatCell.h; sourceTree = "<group>"; };
		D487E8F41CFF725E009CEA01 /* DBCommentChatCell.m */ = {isa = PBXFileReference; fileEncoding = 4; lastKnownFileType = sourcecode.c.objc; path = DBCommentChatCell.m; sourceTree = "<group>"; };
		D487E8F71CFF84F9009CEA01 /* DBCommentLikeCell.h */ = {isa = PBXFileReference; fileEncoding = 4; lastKnownFileType = sourcecode.c.h; path = DBCommentLikeCell.h; sourceTree = "<group>"; };
		D487E8F81CFF84F9009CEA01 /* DBCommentLikeCell.m */ = {isa = PBXFileReference; fileEncoding = 4; lastKnownFileType = sourcecode.c.objc; path = DBCommentLikeCell.m; sourceTree = "<group>"; };
		D487E8FA1CFF8611009CEA01 /* heart_large@2x.png */ = {isa = PBXFileReference; lastKnownFileType = image.png; path = "heart_large@2x.png"; sourceTree = "<group>"; };
		D487E8FC1CFFEAA5009CEA01 /* Doorbell-Bridging-Header.h */ = {isa = PBXFileReference; lastKnownFileType = sourcecode.c.h; path = "Doorbell-Bridging-Header.h"; sourceTree = "<group>"; };
		D487E8FD1CFFEAA6009CEA01 /* NextGrowingInternalTextView.swift */ = {isa = PBXFileReference; fileEncoding = 4; lastKnownFileType = sourcecode.swift; path = NextGrowingInternalTextView.swift; sourceTree = "<group>"; };
		D487E8FE1CFFEAA6009CEA01 /* NextGrowingTextView.swift */ = {isa = PBXFileReference; fileEncoding = 4; lastKnownFileType = sourcecode.swift; path = NextGrowingTextView.swift; sourceTree = "<group>"; };
		D487E9011D00B6CC009CEA01 /* DBObjectManager.h */ = {isa = PBXFileReference; fileEncoding = 4; lastKnownFileType = sourcecode.c.h; path = DBObjectManager.h; sourceTree = "<group>"; };
		D487E9021D00B6CC009CEA01 /* DBObjectManager.m */ = {isa = PBXFileReference; fileEncoding = 4; lastKnownFileType = sourcecode.c.objc; path = DBObjectManager.m; sourceTree = "<group>"; };
		D487E9041D00EF29009CEA01 /* DBProfileEditViewController.h */ = {isa = PBXFileReference; fileEncoding = 4; lastKnownFileType = sourcecode.c.h; path = DBProfileEditViewController.h; sourceTree = "<group>"; };
		D487E9051D00EF29009CEA01 /* DBProfileEditViewController.m */ = {isa = PBXFileReference; fileEncoding = 4; lastKnownFileType = sourcecode.c.objc; path = DBProfileEditViewController.m; sourceTree = "<group>"; };
		D487E9071D00F0A1009CEA01 /* UIImageView+Profile.h */ = {isa = PBXFileReference; fileEncoding = 4; lastKnownFileType = sourcecode.c.h; path = "UIImageView+Profile.h"; sourceTree = "<group>"; };
		D487E9081D00F0A1009CEA01 /* UIImageView+Profile.m */ = {isa = PBXFileReference; fileEncoding = 4; lastKnownFileType = sourcecode.c.objc; path = "UIImageView+Profile.m"; sourceTree = "<group>"; };
		D4EE0BE81CA21BE6004A5A9F /* boston.png */ = {isa = PBXFileReference; lastKnownFileType = image.png; path = boston.png; sourceTree = "<group>"; };
		D4EE0BEA1CA24FB9004A5A9F /* profile_icon.png */ = {isa = PBXFileReference; lastKnownFileType = image.png; path = profile_icon.png; sourceTree = "<group>"; };
		D4EE0BEC1CA36D4F004A5A9F /* DBNavigationController.h */ = {isa = PBXFileReference; fileEncoding = 4; lastKnownFileType = sourcecode.c.h; path = DBNavigationController.h; sourceTree = "<group>"; };
		D4EE0BED1CA36D4F004A5A9F /* DBNavigationController.m */ = {isa = PBXFileReference; fileEncoding = 4; lastKnownFileType = sourcecode.c.objc; path = DBNavigationController.m; sourceTree = "<group>"; };
		D4EE0BEF1CA4C762004A5A9F /* login-with-fb.png */ = {isa = PBXFileReference; lastKnownFileType = image.png; path = "login-with-fb.png"; sourceTree = "<group>"; };
		D4EE0BF11CA4CA00004A5A9F /* loginBackgroundImage.png */ = {isa = PBXFileReference; lastKnownFileType = image.png; path = loginBackgroundImage.png; sourceTree = "<group>"; };
		D4EE0BF31CA4CD6B004A5A9F /* DBhigh_white.png */ = {isa = PBXFileReference; lastKnownFileType = image.png; path = DBhigh_white.png; sourceTree = "<group>"; };
		D4EE0BF51CA4CEB0004A5A9F /* mountainLake.png */ = {isa = PBXFileReference; lastKnownFileType = image.png; path = mountainLake.png; sourceTree = "<group>"; };
		D4EE0BF71CA4CF89004A5A9F /* DBhigh_white2.png */ = {isa = PBXFileReference; lastKnownFileType = image.png; path = DBhigh_white2.png; sourceTree = "<group>"; };
		D4EE0BF91CAED004004A5A9F /* DBChatTableViewController.h */ = {isa = PBXFileReference; fileEncoding = 4; lastKnownFileType = sourcecode.c.h; path = DBChatTableViewController.h; sourceTree = "<group>"; };
		D4EE0BFA1CAED004004A5A9F /* DBChatTableViewController.m */ = {isa = PBXFileReference; fileEncoding = 4; lastKnownFileType = sourcecode.c.objc; path = DBChatTableViewController.m; sourceTree = "<group>"; };
		D4EE0BFC1CAED26E004A5A9F /* DBChatViewCell.h */ = {isa = PBXFileReference; fileEncoding = 4; lastKnownFileType = sourcecode.c.h; path = DBChatViewCell.h; sourceTree = "<group>"; };
		D4EE0BFD1CAED26E004A5A9F /* DBChatViewCell.m */ = {isa = PBXFileReference; fileEncoding = 4; lastKnownFileType = sourcecode.c.objc; path = DBChatViewCell.m; sourceTree = "<group>"; };
		D4F951D81CB5B5F5009B6057 /* DBChatData.h */ = {isa = PBXFileReference; fileEncoding = 4; lastKnownFileType = sourcecode.c.h; path = DBChatData.h; sourceTree = "<group>"; };
		D4F951D91CB5B5F5009B6057 /* DBChatData.m */ = {isa = PBXFileReference; fileEncoding = 4; lastKnownFileType = sourcecode.c.objc; path = DBChatData.m; sourceTree = "<group>"; };
		D4F951DB1CB5B6CA009B6057 /* jsq_messages_sample.m4a */ = {isa = PBXFileReference; lastKnownFileType = file; path = jsq_messages_sample.m4a; sourceTree = "<group>"; };
		D4F951DD1CB726C4009B6057 /* kanye.jpg */ = {isa = PBXFileReference; lastKnownFileType = image.jpeg; path = kanye.jpg; sourceTree = "<group>"; };
		D4F951E01CC07161009B6057 /* DBChatNavigationController.h */ = {isa = PBXFileReference; fileEncoding = 4; lastKnownFileType = sourcecode.c.h; path = DBChatNavigationController.h; sourceTree = "<group>"; };
		D4F951E11CC07161009B6057 /* DBChatNavigationController.m */ = {isa = PBXFileReference; fileEncoding = 4; lastKnownFileType = sourcecode.c.objc; path = DBChatNavigationController.m; sourceTree = "<group>"; };
/* End PBXFileReference section */

/* Begin PBXFrameworksBuildPhase section */
		D458A7E41C5C36B200F47581 /* Frameworks */ = {
			isa = PBXFrameworksBuildPhase;
			buildActionMask = 2147483647;
			files = (
				72754326487E9FE1B4BA9255 /* libPods.a in Frameworks */,
			);
			runOnlyForDeploymentPostprocessing = 0;
		};
		D458A7FD1C5C36B200F47581 /* Frameworks */ = {
			isa = PBXFrameworksBuildPhase;
			buildActionMask = 2147483647;
			files = (
			);
			runOnlyForDeploymentPostprocessing = 0;
		};
		D458A8081C5C36B200F47581 /* Frameworks */ = {
			isa = PBXFrameworksBuildPhase;
			buildActionMask = 2147483647;
			files = (
			);
			runOnlyForDeploymentPostprocessing = 0;
		};
/* End PBXFrameworksBuildPhase section */

/* Begin PBXGroup section */
		6122F4C16C4AA719038B9B35 /* Frameworks */ = {
			isa = PBXGroup;
			children = (
				7DB27212E1D7B260061408D2 /* libPods.a */,
			);
			name = Frameworks;
			sourceTree = "<group>";
		};
		D42A04441CD9522D00E141C1 /* icons */ = {
			isa = PBXGroup;
			children = (
				D45FC8EA1D122B060099BCD6 /* back-button2.png */,
				D45FC8E81D122AA80099BCD6 /* back-button.png */,
				D45FC8DF1D111D580099BCD6 /* bubble_custom1@3x.png */,
				D45FC8E31D11E1BD0099BCD6 /* bubble_custom3@3x.png */,
				D45FC8D71D1100EE0099BCD6 /* circle-filled.png */,
				D45FC8CB1D10D12E0099BCD6 /* compose.png */,
				D45FC8E11D111F420099BCD6 /* bubble_custom2.png */,
				D43E34AF1D037F4100F8CFB6 /* message_bubble.png */,
				D45FC8DD1D111A4B0099BCD6 /* bubble_custom@3x.png */,
				D43E34A71D02879F00F8CFB6 /* pencil.png */,
				D43E34A31D0281D700F8CFB6 /* add.png */,
				D487E8FA1CFF8611009CEA01 /* heart_large@2x.png */,
				D487E8EE1CFF4D17009CEA01 /* newyork.jpg */,
				D487E8E81CFE65BC009CEA01 /* heart.png */,
				D44D02231CFCFC000039A187 /* menu_icon1.png */,
				D45FC8CF1D10FD250099BCD6 /* reply.png */,
				433AFB5D1C9CBEFD007A9C3D /* black-rose.ttf */,
				D44417351CF269230044CBFD /* GothamRoundedBook.ttf */,
				D44417371CF26B060044CBFD /* GothamRoundedLight.ttf */,
				D44417381CF26B060044CBFD /* GothamRoundedMedium.ttf */,
				D4F951DD1CB726C4009B6057 /* kanye.jpg */,
				D43B16DC1CEFF66100E32348 /* message_icon.png */,
				D4EE0BF31CA4CD6B004A5A9F /* DBhigh_white.png */,
				D4EE0BF71CA4CF89004A5A9F /* DBhigh_white2.png */,
				D4EE0BEA1CA24FB9004A5A9F /* profile_icon.png */,
				D43B16DE1CEFF6ED00E32348 /* warning_icon.png */,
				D4EE0BEF1CA4C762004A5A9F /* login-with-fb.png */,
				D4EE0BF11CA4CA00004A5A9F /* loginBackgroundImage.png */,
				D4EE0BE81CA21BE6004A5A9F /* boston.png */,
				D4EE0BF51CA4CEB0004A5A9F /* mountainLake.png */,
				D45BFC6E1CE2A59A007EEF66 /* Chat_white.png */,
				D45BFC6F1CE2A59A007EEF66 /* Close_blue.png */,
				D45BFC701CE2A59A007EEF66 /* User_Profile_white.png */,
				D45BFC781CE2B111007EEF66 /* bell.png */,
				D45BFC7A1CE2B1B6007EEF66 /* envelope2.png */,
				D45BFC7C1CE2BFC7007EEF66 /* Arrowhead-Right.png */,
				D45BFC7E1CE2BFEC007EEF66 /* Logout.png */,
				D487E8DB1CFD481F009CEA01 /* event1.png */,
				D487E8DC1CFD481F009CEA01 /* home1.png */,
				D487E8DD1CFD481F009CEA01 /* notification1.png */,
				D487E8DE1CFD481F009CEA01 /* profile1.png */,
				D487E8DF1CFD481F009CEA01 /* settings1.png */,
			);
			name = icons;
			sourceTree = "<group>";
		};
		D42A04451CD9524300E141C1 /* View Controllers */ = {
			isa = PBXGroup;
			children = (
				D487E8ED1CFE8BA9009CEA01 /* Comments */,
				D44D02721CFD3E960039A187 /* Events */,
				D44D020F1CFB70660039A187 /* Menu */,
				D4F951DF1CB72AAF009B6057 /* Chat */,
				D45BFC831CE3F70C007EEF66 /* Login */,
				D45BFC851CE4117F007EEF66 /* Profile */,
				D45BFC861CE4118D007EEF66 /* Feed */,
				D45BFC871CE41197007EEF66 /* Request */,
				D44D021B1CFBD6E00039A187 /* Settings */,
			);
			name = "View Controllers";
			sourceTree = "<group>";
		};
		D42A04461CD9526100E141C1 /* Views */ = {
			isa = PBXGroup;
			children = (
				D42A04451CD9524300E141C1 /* View Controllers */,
				D45BFC841CE41167007EEF66 /* Cells */,
			);
			name = Views;
			sourceTree = "<group>";
		};
		D43E348A1D022AD500F8CFB6 /* Dependencies */ = {
			isa = PBXGroup;
			children = (
				D43E348B1D022AEE00F8CFB6 /* NextGrowingTextView */,
			);
			name = Dependencies;
			sourceTree = "<group>";
		};
		D43E348B1D022AEE00F8CFB6 /* NextGrowingTextView */ = {
			isa = PBXGroup;
			children = (
				D487E8FD1CFFEAA6009CEA01 /* NextGrowingInternalTextView.swift */,
				D487E8FE1CFFEAA6009CEA01 /* NextGrowingTextView.swift */,
			);
			name = NextGrowingTextView;
			sourceTree = "<group>";
		};
		D44D020F1CFB70660039A187 /* Menu */ = {
			isa = PBXGroup;
			children = (
				D44D020C1CFB6B3E0039A187 /* DBLeftMenuViewController.h */,
				D44D020D1CFB6B3E0039A187 /* DBLeftMenuViewController.m */,
				D44D02131CFB79D60039A187 /* DBLeftMenuCell.h */,
				D44D02141CFB79D60039A187 /* DBLeftMenuCell.m */,
				D44D02151CFB79D60039A187 /* DBLeftMenuCell.xib */,
			);
			name = Menu;
			sourceTree = "<group>";
		};
		D44D021B1CFBD6E00039A187 /* Settings */ = {
			isa = PBXGroup;
			children = (
				D44D02181CFBD6DA0039A187 /* DBSettingsViewController.h */,
				D44D02191CFBD6DA0039A187 /* DBSettingsViewController.m */,
				D44D021F1CFBE7290039A187 /* DBBlockedUsersViewController.h */,
				D44D02201CFBE7290039A187 /* DBBlockedUsersViewController.m */,
				D44D026C1CFD3A300039A187 /* DBNotificationSettingsViewController.h */,
				D44D026D1CFD3A300039A187 /* DBNotificationSettingsViewController.m */,
				D487E8E51CFD4F92009CEA01 /* DBFeedbackViewController.h */,
				D487E8E61CFD4F92009CEA01 /* DBFeedbackViewController.m */,
				D45FC8E51D11E4210099BCD6 /* DBBuildingSettingsViewController.h */,
				D45FC8E61D11E4210099BCD6 /* DBBuildingSettingsViewController.m */,
			);
			name = Settings;
			sourceTree = "<group>";
		};
		D44D02721CFD3E960039A187 /* Events */ = {
			isa = PBXGroup;
			children = (
				D44D026F1CFD3E8C0039A187 /* DBEventsViewController.h */,
				D44D02701CFD3E8C0039A187 /* DBEventsViewController.m */,
			);
			name = Events;
			sourceTree = "<group>";
		};
		D458A7DE1C5C36B200F47581 = {
			isa = PBXGroup;
			children = (
				D458A7E91C5C36B200F47581 /* Doorbell */,
				D458A8031C5C36B200F47581 /* DoorbellTests */,
				D458A80E1C5C36B200F47581 /* DoorbellUITests */,
				D458A7E81C5C36B200F47581 /* Products */,
				F384E352FA55E3424BB2293C /* Pods */,
				6122F4C16C4AA719038B9B35 /* Frameworks */,
			);
			sourceTree = "<group>";
		};
		D458A7E81C5C36B200F47581 /* Products */ = {
			isa = PBXGroup;
			children = (
				D458A7E71C5C36B200F47581 /* Doorbell.app */,
				D458A8001C5C36B200F47581 /* DoorbellTests.xctest */,
				D458A80B1C5C36B200F47581 /* DoorbellUITests.xctest */,
			);
			name = Products;
			sourceTree = "<group>";
		};
		D458A7E91C5C36B200F47581 /* Doorbell */ = {
			isa = PBXGroup;
			children = (
				D4F951DB1CB5B6CA009B6057 /* jsq_messages_sample.m4a */,
				D45FC8C61D0F3BD20099BCD6 /* KILabel.h */,
				D45FC8C71D0F3BD20099BCD6 /* KILabel.m */,
				D458A7F31C5C36B200F47581 /* Main.storyboard */,
				D43E348A1D022AD500F8CFB6 /* Dependencies */,
				D42A04441CD9522D00E141C1 /* icons */,
				D487E90A1D00F0A9009CEA01 /* Categories */,
				D4F951DC1CB72352009B6057 /* Model */,
				D42A04461CD9526100E141C1 /* Views */,
				D45BFC881CE411EB007EEF66 /* Root */,
				D458A7F61C5C36B200F47581 /* Assets.xcassets */,
				D458A7F81C5C36B200F47581 /* LaunchScreen.storyboard */,
				D458A7FB1C5C36B200F47581 /* Info.plist */,
				D458A7EA1C5C36B200F47581 /* Supporting Files */,
				D487E8FC1CFFEAA5009CEA01 /* Doorbell-Bridging-Header.h */,
			);
			path = Doorbell;
			sourceTree = "<group>";
		};
		D458A7EA1C5C36B200F47581 /* Supporting Files */ = {
			isa = PBXGroup;
			children = (
				D458A7EB1C5C36B200F47581 /* main.m */,
			);
			name = "Supporting Files";
			sourceTree = "<group>";
		};
		D458A8031C5C36B200F47581 /* DoorbellTests */ = {
			isa = PBXGroup;
			children = (
				D458A8041C5C36B200F47581 /* DoorbellTests.m */,
				D458A8061C5C36B200F47581 /* Info.plist */,
			);
			path = DoorbellTests;
			sourceTree = "<group>";
		};
		D458A80E1C5C36B200F47581 /* DoorbellUITests */ = {
			isa = PBXGroup;
			children = (
				D458A80F1C5C36B200F47581 /* DoorbellUITests.m */,
				D458A8111C5C36B200F47581 /* Info.plist */,
			);
			path = DoorbellUITests;
			sourceTree = "<group>";
		};
		D45BFC831CE3F70C007EEF66 /* Login */ = {
			isa = PBXGroup;
			children = (
				D458A7F01C5C36B200F47581 /* DBLoginViewController.h */,
				D458A7F11C5C36B200F47581 /* DBLoginViewController.m */,
			);
			name = Login;
			sourceTree = "<group>";
		};
		D45BFC841CE41167007EEF66 /* Cells */ = {
			isa = PBXGroup;
			children = (
				D4EE0BFC1CAED26E004A5A9F /* DBChatViewCell.h */,
				D4EE0BFD1CAED26E004A5A9F /* DBChatViewCell.m */,
				433AFB531C98B799007A9C3D /* DBTableViewCell.h */,
				433AFB541C98B799007A9C3D /* DBTableViewCell.m */,
			);
			name = Cells;
			sourceTree = "<group>";
		};
		D45BFC851CE4117F007EEF66 /* Profile */ = {
			isa = PBXGroup;
			children = (
				D458A8331C6189F200F47581 /* DBProfileViewController.h */,
				D458A8341C6189F200F47581 /* DBProfileViewController.m */,
				D44D02061CF95B4B0039A187 /* DBGenericProfileViewController.h */,
				D44D02071CF95B4B0039A187 /* DBGenericProfileViewController.m */,
				D487E9041D00EF29009CEA01 /* DBProfileEditViewController.h */,
				D487E9051D00EF29009CEA01 /* DBProfileEditViewController.m */,
			);
			name = Profile;
			sourceTree = "<group>";
		};
		D45BFC861CE4118D007EEF66 /* Feed */ = {
			isa = PBXGroup;
			children = (
				D4422A251C8FC24E006D08E9 /* DBFeedTableViewController.h */,
				D4422A261C8FC24E006D08E9 /* DBFeedTableViewController.m */,
			);
			name = Feed;
			sourceTree = "<group>";
		};
		D45BFC871CE41197007EEF66 /* Request */ = {
			isa = PBXGroup;
			children = (
				433AFB5A1C9A07CC007A9C3D /* DBRequestFormViewController.h */,
				433AFB5B1C9A07CC007A9C3D /* DBRequestFormViewController.m */,
				D45BFC6B1CE2950A007EEF66 /* DBBulletinFormViewController.h */,
				D45BFC6C1CE2950A007EEF66 /* DBBulletinFormViewController.m */,
			);
			name = Request;
			sourceTree = "<group>";
		};
		D45BFC881CE411EB007EEF66 /* Root */ = {
			isa = PBXGroup;
			children = (
				D4EE0BEC1CA36D4F004A5A9F /* DBNavigationController.h */,
				D4EE0BED1CA36D4F004A5A9F /* DBNavigationController.m */,
				D44D02091CFA7DEA0039A187 /* DBSideMenuController.h */,
				D44D020A1CFA7DEA0039A187 /* DBSideMenuController.m */,
				D458A7ED1C5C36B200F47581 /* AppDelegate.h */,
				D458A7EE1C5C36B200F47581 /* AppDelegate.m */,
			);
			name = Root;
			sourceTree = "<group>";
		};
		D487E8ED1CFE8BA9009CEA01 /* Comments */ = {
			isa = PBXGroup;
			children = (
				D487E8EA1CFE8B9D009CEA01 /* DBCommentViewController.h */,
				D487E8EB1CFE8B9D009CEA01 /* DBCommentViewController.m */,
				D487E8F61CFF7266009CEA01 /* Cells */,
			);
			name = Comments;
			sourceTree = "<group>";
		};
		D487E8F61CFF7266009CEA01 /* Cells */ = {
			isa = PBXGroup;
			children = (
				D487E8F01CFF723B009CEA01 /* DBCommentTopCell.h */,
				D487E8F11CFF723B009CEA01 /* DBCommentTopCell.m */,
				D487E8F31CFF725E009CEA01 /* DBCommentChatCell.h */,
				D487E8F41CFF725E009CEA01 /* DBCommentChatCell.m */,
				D487E8F71CFF84F9009CEA01 /* DBCommentLikeCell.h */,
				D487E8F81CFF84F9009CEA01 /* DBCommentLikeCell.m */,
			);
			name = Cells;
			sourceTree = "<group>";
		};
		D487E90A1D00F0A9009CEA01 /* Categories */ = {
			isa = PBXGroup;
			children = (
				D43E34B41D05311100F8CFB6 /* NSString+Utils.h */,
				D43E34B51D05311100F8CFB6 /* NSString+Utils.m */,
				D487E9071D00F0A1009CEA01 /* UIImageView+Profile.h */,
				D487E9081D00F0A1009CEA01 /* UIImageView+Profile.m */,
				D45FC8EC1D122B6C0099BCD6 /* UIViewController+Utils.h */,
				D45FC8ED1D122B6C0099BCD6 /* UIViewController+Utils.m */,
			);
			name = Categories;
			sourceTree = "<group>";
		};
		D4F951DC1CB72352009B6057 /* Model */ = {
			isa = PBXGroup;
			children = (
				D487E9011D00B6CC009CEA01 /* DBObjectManager.h */,
				D487E9021D00B6CC009CEA01 /* DBObjectManager.m */,
				433AFB611C9CC6A0007A9C3D /* DBAcDataSource.h */,
				433AFB621C9CC6A0007A9C3D /* DBAcDataSource.m */,
				D4F951D81CB5B5F5009B6057 /* DBChatData.h */,
				D4F951D91CB5B5F5009B6057 /* DBChatData.m */,
				433AFB641C9CC726007A9C3D /* DBCustomAcObject.h */,
				433AFB651C9CC726007A9C3D /* DBCustomAcObject.m */,
			);
			name = Model;
			sourceTree = "<group>";
		};
		D4F951DF1CB72AAF009B6057 /* Chat */ = {
			isa = PBXGroup;
			children = (
				D4F951E01CC07161009B6057 /* DBChatNavigationController.h */,
				D4F951E11CC07161009B6057 /* DBChatNavigationController.m */,
				D45BFC801CE2CF37007EEF66 /* DBSearchUserViewController.h */,
				D45BFC811CE2CF37007EEF66 /* DBSearchUserViewController.m */,
				D4EE0BF91CAED004004A5A9F /* DBChatTableViewController.h */,
				D4EE0BFA1CAED004004A5A9F /* DBChatTableViewController.m */,
				D4053F9B1CB4CE0300EDBA02 /* DBMessageViewController.h */,
				D4053F9C1CB4CE0300EDBA02 /* DBMessageViewController.m */,
			);
			name = Chat;
			sourceTree = "<group>";
		};
		F384E352FA55E3424BB2293C /* Pods */ = {
			isa = PBXGroup;
			children = (
				22A6800498CE19204F21989A /* Pods.debug.xcconfig */,
				804D32184CDDE3BFB037E9A5 /* Pods.release.xcconfig */,
			);
			name = Pods;
			sourceTree = "<group>";
		};
/* End PBXGroup section */

/* Begin PBXNativeTarget section */
		D458A7E61C5C36B200F47581 /* Doorbell */ = {
			isa = PBXNativeTarget;
			buildConfigurationList = D458A8141C5C36B200F47581 /* Build configuration list for PBXNativeTarget "Doorbell" */;
			buildPhases = (
				251A8863CF82A2776768B7D7 /* Check Pods Manifest.lock */,
				D458A7E31C5C36B200F47581 /* Sources */,
				D458A7E41C5C36B200F47581 /* Frameworks */,
				D458A7E51C5C36B200F47581 /* Resources */,
				E03BAFFCB9A05B9405CFED58 /* Embed Pods Frameworks */,
				B235911C05D0AF2A4BD08EFF /* Copy Pods Resources */,
			);
			buildRules = (
			);
			dependencies = (
			);
			name = Doorbell;
			productName = Doorbell;
			productReference = D458A7E71C5C36B200F47581 /* Doorbell.app */;
			productType = "com.apple.product-type.application";
		};
		D458A7FF1C5C36B200F47581 /* DoorbellTests */ = {
			isa = PBXNativeTarget;
			buildConfigurationList = D458A8171C5C36B200F47581 /* Build configuration list for PBXNativeTarget "DoorbellTests" */;
			buildPhases = (
				D458A7FC1C5C36B200F47581 /* Sources */,
				D458A7FD1C5C36B200F47581 /* Frameworks */,
				D458A7FE1C5C36B200F47581 /* Resources */,
			);
			buildRules = (
			);
			dependencies = (
				D458A8021C5C36B200F47581 /* PBXTargetDependency */,
			);
			name = DoorbellTests;
			productName = DoorbellTests;
			productReference = D458A8001C5C36B200F47581 /* DoorbellTests.xctest */;
			productType = "com.apple.product-type.bundle.unit-test";
		};
		D458A80A1C5C36B200F47581 /* DoorbellUITests */ = {
			isa = PBXNativeTarget;
			buildConfigurationList = D458A81A1C5C36B200F47581 /* Build configuration list for PBXNativeTarget "DoorbellUITests" */;
			buildPhases = (
				D458A8071C5C36B200F47581 /* Sources */,
				D458A8081C5C36B200F47581 /* Frameworks */,
				D458A8091C5C36B200F47581 /* Resources */,
			);
			buildRules = (
			);
			dependencies = (
				D458A80D1C5C36B200F47581 /* PBXTargetDependency */,
			);
			name = DoorbellUITests;
			productName = DoorbellUITests;
			productReference = D458A80B1C5C36B200F47581 /* DoorbellUITests.xctest */;
			productType = "com.apple.product-type.bundle.ui-testing";
		};
/* End PBXNativeTarget section */

/* Begin PBXProject section */
		D458A7DF1C5C36B200F47581 /* Project object */ = {
			isa = PBXProject;
			attributes = {
				LastSwiftUpdateCheck = 0730;
				LastUpgradeCheck = 0720;
				ORGANIZATIONNAME = "Doorbell LLC";
				TargetAttributes = {
					D458A7E61C5C36B200F47581 = {
						CreatedOnToolsVersion = 7.2;
						DevelopmentTeam = 6DLJPUUN3Y;
					};
					D458A7FF1C5C36B200F47581 = {
						CreatedOnToolsVersion = 7.2;
						TestTargetID = D458A7E61C5C36B200F47581;
					};
					D458A80A1C5C36B200F47581 = {
						CreatedOnToolsVersion = 7.2;
						TestTargetID = D458A7E61C5C36B200F47581;
					};
				};
			};
			buildConfigurationList = D458A7E21C5C36B200F47581 /* Build configuration list for PBXProject "Doorbell" */;
			compatibilityVersion = "Xcode 3.2";
			developmentRegion = English;
			hasScannedForEncodings = 0;
			knownRegions = (
				en,
				Base,
			);
			mainGroup = D458A7DE1C5C36B200F47581;
			productRefGroup = D458A7E81C5C36B200F47581 /* Products */;
			projectDirPath = "";
			projectRoot = "";
			targets = (
				D458A7E61C5C36B200F47581 /* Doorbell */,
				D458A7FF1C5C36B200F47581 /* DoorbellTests */,
				D458A80A1C5C36B200F47581 /* DoorbellUITests */,
			);
		};
/* End PBXProject section */

/* Begin PBXResourcesBuildPhase section */
		D458A7E51C5C36B200F47581 /* Resources */ = {
			isa = PBXResourcesBuildPhase;
			buildActionMask = 2147483647;
			files = (
				D4EE0BF01CA4C762004A5A9F /* login-with-fb.png in Resources */,
				D43E34B01D037F4100F8CFB6 /* message_bubble.png in Resources */,
				D458A7FA1C5C36B200F47581 /* LaunchScreen.storyboard in Resources */,
				D487E8EF1CFF4D17009CEA01 /* newyork.jpg in Resources */,
				D45BFC7D1CE2BFC7007EEF66 /* Arrowhead-Right.png in Resources */,
				D487E8E31CFD481F009CEA01 /* profile1.png in Resources */,
				D45BFC7B1CE2B1B6007EEF66 /* envelope2.png in Resources */,
				D458A7F71C5C36B200F47581 /* Assets.xcassets in Resources */,
				D45FC8E01D111D580099BCD6 /* bubble_custom1@3x.png in Resources */,
				433AFB5E1C9CBEFD007A9C3D /* black-rose.ttf in Resources */,
				D43B16DF1CEFF6ED00E32348 /* warning_icon.png in Resources */,
				D45BFC7F1CE2BFEC007EEF66 /* Logout.png in Resources */,
				D4F951DE1CB726C4009B6057 /* kanye.jpg in Resources */,
				D43B16DD1CEFF66100E32348 /* message_icon.png in Resources */,
				D45FC8D01D10FD250099BCD6 /* reply.png in Resources */,
				D458A7F51C5C36B200F47581 /* Main.storyboard in Resources */,
				D45FC8CC1D10D12E0099BCD6 /* compose.png in Resources */,
				D45BFC721CE2A59A007EEF66 /* Close_blue.png in Resources */,
				D45BFC711CE2A59A007EEF66 /* Chat_white.png in Resources */,
				D4EE0BEB1CA24FB9004A5A9F /* profile_icon.png in Resources */,
				D45FC8E21D111F420099BCD6 /* bubble_custom2.png in Resources */,
				D4EE0BF41CA4CD6B004A5A9F /* DBhigh_white.png in Resources */,
				D487E8E91CFE65BC009CEA01 /* heart.png in Resources */,
				D487E8E01CFD481F009CEA01 /* event1.png in Resources */,
				D44417391CF26B0A0044CBFD /* GothamRoundedMedium.ttf in Resources */,
				D45FC8EB1D122B060099BCD6 /* back-button2.png in Resources */,
				D44D02171CFB79D60039A187 /* DBLeftMenuCell.xib in Resources */,
				D45BFC791CE2B111007EEF66 /* bell.png in Resources */,
				D487E8E21CFD481F009CEA01 /* notification1.png in Resources */,
				D45BFC731CE2A59A007EEF66 /* User_Profile_white.png in Resources */,
				D45FC8D81D1100EE0099BCD6 /* circle-filled.png in Resources */,
				D43E34A81D02879F00F8CFB6 /* pencil.png in Resources */,
				D4EE0BE91CA21BE6004A5A9F /* boston.png in Resources */,
				D487E8E41CFD481F009CEA01 /* settings1.png in Resources */,
				D444173A1CF26B0C0044CBFD /* GothamRoundedLight.ttf in Resources */,
				D44D02241CFCFC000039A187 /* menu_icon1.png in Resources */,
				D43E34A41D0281D700F8CFB6 /* add.png in Resources */,
				D45FC8E41D11E1BD0099BCD6 /* bubble_custom3@3x.png in Resources */,
				D4EE0BF81CA4CF89004A5A9F /* DBhigh_white2.png in Resources */,
				D44417361CF26A2C0044CBFD /* GothamRoundedBook.ttf in Resources */,
				D487E8FB1CFF8611009CEA01 /* heart_large@2x.png in Resources */,
				D4EE0BF21CA4CA00004A5A9F /* loginBackgroundImage.png in Resources */,
				D45FC8E91D122AA80099BCD6 /* back-button.png in Resources */,
				D487E8E11CFD481F009CEA01 /* home1.png in Resources */,
				D45FC8DE1D111A4B0099BCD6 /* bubble_custom@3x.png in Resources */,
				D4EE0BF61CA4CEB0004A5A9F /* mountainLake.png in Resources */,
			);
			runOnlyForDeploymentPostprocessing = 0;
		};
		D458A7FE1C5C36B200F47581 /* Resources */ = {
			isa = PBXResourcesBuildPhase;
			buildActionMask = 2147483647;
			files = (
			);
			runOnlyForDeploymentPostprocessing = 0;
		};
		D458A8091C5C36B200F47581 /* Resources */ = {
			isa = PBXResourcesBuildPhase;
			buildActionMask = 2147483647;
			files = (
			);
			runOnlyForDeploymentPostprocessing = 0;
		};
/* End PBXResourcesBuildPhase section */

/* Begin PBXShellScriptBuildPhase section */
		251A8863CF82A2776768B7D7 /* Check Pods Manifest.lock */ = {
			isa = PBXShellScriptBuildPhase;
			buildActionMask = 2147483647;
			files = (
			);
			inputPaths = (
			);
			name = "Check Pods Manifest.lock";
			outputPaths = (
			);
			runOnlyForDeploymentPostprocessing = 0;
			shellPath = /bin/sh;
			shellScript = "diff \"${PODS_ROOT}/../Podfile.lock\" \"${PODS_ROOT}/Manifest.lock\" > /dev/null\nif [[ $? != 0 ]] ; then\n    cat << EOM\nerror: The sandbox is not in sync with the Podfile.lock. Run 'pod install' or update your CocoaPods installation.\nEOM\n    exit 1\nfi\n";
			showEnvVarsInLog = 0;
		};
		B235911C05D0AF2A4BD08EFF /* Copy Pods Resources */ = {
			isa = PBXShellScriptBuildPhase;
			buildActionMask = 2147483647;
			files = (
			);
			inputPaths = (
			);
			name = "Copy Pods Resources";
			outputPaths = (
			);
			runOnlyForDeploymentPostprocessing = 0;
			shellPath = /bin/sh;
			shellScript = "\"${SRCROOT}/Pods/Target Support Files/Pods/Pods-resources.sh\"\n";
			showEnvVarsInLog = 0;
		};
		E03BAFFCB9A05B9405CFED58 /* Embed Pods Frameworks */ = {
			isa = PBXShellScriptBuildPhase;
			buildActionMask = 2147483647;
			files = (
			);
			inputPaths = (
			);
			name = "Embed Pods Frameworks";
			outputPaths = (
			);
			runOnlyForDeploymentPostprocessing = 0;
			shellPath = /bin/sh;
			shellScript = "\"${SRCROOT}/Pods/Target Support Files/Pods/Pods-frameworks.sh\"\n";
			showEnvVarsInLog = 0;
		};
/* End PBXShellScriptBuildPhase section */

/* Begin PBXSourcesBuildPhase section */
		D458A7E31C5C36B200F47581 /* Sources */ = {
			isa = PBXSourcesBuildPhase;
			buildActionMask = 2147483647;
			files = (
				433AFB5C1C9A07CC007A9C3D /* DBRequestFormViewController.m in Sources */,
				D45BFC6D1CE2950A007EEF66 /* DBBulletinFormViewController.m in Sources */,
				D44D02711CFD3E8C0039A187 /* DBEventsViewController.m in Sources */,
				D487E9031D00B6CC009CEA01 /* DBObjectManager.m in Sources */,
				D458A7F21C5C36B200F47581 /* DBLoginViewController.m in Sources */,
				D458A7EF1C5C36B200F47581 /* AppDelegate.m in Sources */,
				D487E8E71CFD4F92009CEA01 /* DBFeedbackViewController.m in Sources */,
				D4F951DA1CB5B5F5009B6057 /* DBChatData.m in Sources */,
				D487E9061D00EF29009CEA01 /* DBProfileEditViewController.m in Sources */,
				433AFB661C9CC726007A9C3D /* DBCustomAcObject.m in Sources */,
				D458A8351C6189F200F47581 /* DBProfileViewController.m in Sources */,
				433AFB631C9CC6A0007A9C3D /* DBAcDataSource.m in Sources */,
				D44D02161CFB79D60039A187 /* DBLeftMenuCell.m in Sources */,
				D44D020B1CFA7DEA0039A187 /* DBSideMenuController.m in Sources */,
				433AFB551C98B799007A9C3D /* DBTableViewCell.m in Sources */,
				D487E8EC1CFE8B9D009CEA01 /* DBCommentViewController.m in Sources */,
				D4F951E21CC07162009B6057 /* DBChatNavigationController.m in Sources */,
				D4422A271C8FC24E006D08E9 /* DBFeedTableViewController.m in Sources */,
				D487E9001CFFEAA6009CEA01 /* NextGrowingTextView.swift in Sources */,
				D45BFC821CE2CF37007EEF66 /* DBSearchUserViewController.m in Sources */,
				D44D026E1CFD3A300039A187 /* DBNotificationSettingsViewController.m in Sources */,
				D487E8FF1CFFEAA6009CEA01 /* NextGrowingInternalTextView.swift in Sources */,
				D4EE0BFE1CAED26E004A5A9F /* DBChatViewCell.m in Sources */,
				D45FC8E71D11E4210099BCD6 /* DBBuildingSettingsViewController.m in Sources */,
				D458A7EC1C5C36B200F47581 /* main.m in Sources */,
				D44D02081CF95B4B0039A187 /* DBGenericProfileViewController.m in Sources */,
				D4053F9D1CB4CE0300EDBA02 /* DBMessageViewController.m in Sources */,
				D4EE0BFB1CAED008004A5A9F /* DBChatTableViewController.m in Sources */,
				D45FC8EE1D122B6C0099BCD6 /* UIViewController+Utils.m in Sources */,
				D487E9091D00F0A1009CEA01 /* UIImageView+Profile.m in Sources */,
				D44D02211CFBE7290039A187 /* DBBlockedUsersViewController.m in Sources */,
				D44D021A1CFBD6DA0039A187 /* DBSettingsViewController.m in Sources */,
				D487E8F21CFF723B009CEA01 /* DBCommentTopCell.m in Sources */,
				D43E34B61D05311100F8CFB6 /* NSString+Utils.m in Sources */,
				D45FC8C81D0F3BD20099BCD6 /* KILabel.m in Sources */,
				D487E8F91CFF84F9009CEA01 /* DBCommentLikeCell.m in Sources */,
				D487E8F51CFF725E009CEA01 /* DBCommentChatCell.m in Sources */,
				D44D020E1CFB6B3E0039A187 /* DBLeftMenuViewController.m in Sources */,
				D4EE0BEE1CA36D4F004A5A9F /* DBNavigationController.m in Sources */,
			);
			runOnlyForDeploymentPostprocessing = 0;
		};
		D458A7FC1C5C36B200F47581 /* Sources */ = {
			isa = PBXSourcesBuildPhase;
			buildActionMask = 2147483647;
			files = (
				D458A8051C5C36B200F47581 /* DoorbellTests.m in Sources */,
			);
			runOnlyForDeploymentPostprocessing = 0;
		};
		D458A8071C5C36B200F47581 /* Sources */ = {
			isa = PBXSourcesBuildPhase;
			buildActionMask = 2147483647;
			files = (
				D458A8101C5C36B200F47581 /* DoorbellUITests.m in Sources */,
			);
			runOnlyForDeploymentPostprocessing = 0;
		};
/* End PBXSourcesBuildPhase section */

/* Begin PBXTargetDependency section */
		D458A8021C5C36B200F47581 /* PBXTargetDependency */ = {
			isa = PBXTargetDependency;
			target = D458A7E61C5C36B200F47581 /* Doorbell */;
			targetProxy = D458A8011C5C36B200F47581 /* PBXContainerItemProxy */;
		};
		D458A80D1C5C36B200F47581 /* PBXTargetDependency */ = {
			isa = PBXTargetDependency;
			target = D458A7E61C5C36B200F47581 /* Doorbell */;
			targetProxy = D458A80C1C5C36B200F47581 /* PBXContainerItemProxy */;
		};
/* End PBXTargetDependency section */

/* Begin PBXVariantGroup section */
		D458A7F31C5C36B200F47581 /* Main.storyboard */ = {
			isa = PBXVariantGroup;
			children = (
				D458A7F41C5C36B200F47581 /* Base */,
			);
			name = Main.storyboard;
			sourceTree = "<group>";
		};
		D458A7F81C5C36B200F47581 /* LaunchScreen.storyboard */ = {
			isa = PBXVariantGroup;
			children = (
				D458A7F91C5C36B200F47581 /* Base */,
			);
			name = LaunchScreen.storyboard;
			sourceTree = "<group>";
		};
/* End PBXVariantGroup section */

/* Begin XCBuildConfiguration section */
		D458A8121C5C36B200F47581 /* Debug */ = {
			isa = XCBuildConfiguration;
			buildSettings = {
				ALWAYS_SEARCH_USER_PATHS = NO;
				CLANG_CXX_LANGUAGE_STANDARD = "gnu++0x";
				CLANG_CXX_LIBRARY = "libc++";
				CLANG_ENABLE_MODULES = YES;
				CLANG_ENABLE_OBJC_ARC = YES;
				CLANG_WARN_BOOL_CONVERSION = YES;
				CLANG_WARN_CONSTANT_CONVERSION = YES;
				CLANG_WARN_DIRECT_OBJC_ISA_USAGE = YES_ERROR;
				CLANG_WARN_EMPTY_BODY = YES;
				CLANG_WARN_ENUM_CONVERSION = YES;
				CLANG_WARN_INT_CONVERSION = YES;
				CLANG_WARN_OBJC_ROOT_CLASS = YES_ERROR;
				CLANG_WARN_UNREACHABLE_CODE = YES;
				CLANG_WARN__DUPLICATE_METHOD_MATCH = YES;
				"CODE_SIGN_IDENTITY[sdk=iphoneos*]" = "iPhone Developer";
				COPY_PHASE_STRIP = NO;
				DEBUG_INFORMATION_FORMAT = dwarf;
				ENABLE_STRICT_OBJC_MSGSEND = YES;
				ENABLE_TESTABILITY = YES;
				GCC_C_LANGUAGE_STANDARD = gnu99;
				GCC_DYNAMIC_NO_PIC = NO;
				GCC_NO_COMMON_BLOCKS = YES;
				GCC_OPTIMIZATION_LEVEL = 0;
				GCC_PREPROCESSOR_DEFINITIONS = (
					"DEBUG=1",
					"$(inherited)",
				);
				GCC_WARN_64_TO_32_BIT_CONVERSION = YES;
				GCC_WARN_ABOUT_RETURN_TYPE = YES_ERROR;
				GCC_WARN_UNDECLARED_SELECTOR = YES;
				GCC_WARN_UNINITIALIZED_AUTOS = YES_AGGRESSIVE;
				GCC_WARN_UNUSED_FUNCTION = YES;
				GCC_WARN_UNUSED_VARIABLE = YES;
				IPHONEOS_DEPLOYMENT_TARGET = 9.2;
				MTL_ENABLE_DEBUG_INFO = YES;
				ONLY_ACTIVE_ARCH = YES;
				SDKROOT = iphoneos;
			};
			name = Debug;
		};
		D458A8131C5C36B200F47581 /* Release */ = {
			isa = XCBuildConfiguration;
			buildSettings = {
				ALWAYS_SEARCH_USER_PATHS = NO;
				CLANG_CXX_LANGUAGE_STANDARD = "gnu++0x";
				CLANG_CXX_LIBRARY = "libc++";
				CLANG_ENABLE_MODULES = YES;
				CLANG_ENABLE_OBJC_ARC = YES;
				CLANG_WARN_BOOL_CONVERSION = YES;
				CLANG_WARN_CONSTANT_CONVERSION = YES;
				CLANG_WARN_DIRECT_OBJC_ISA_USAGE = YES_ERROR;
				CLANG_WARN_EMPTY_BODY = YES;
				CLANG_WARN_ENUM_CONVERSION = YES;
				CLANG_WARN_INT_CONVERSION = YES;
				CLANG_WARN_OBJC_ROOT_CLASS = YES_ERROR;
				CLANG_WARN_UNREACHABLE_CODE = YES;
				CLANG_WARN__DUPLICATE_METHOD_MATCH = YES;
				"CODE_SIGN_IDENTITY[sdk=iphoneos*]" = "iPhone Developer";
				COPY_PHASE_STRIP = NO;
				DEBUG_INFORMATION_FORMAT = "dwarf-with-dsym";
				ENABLE_NS_ASSERTIONS = NO;
				ENABLE_STRICT_OBJC_MSGSEND = YES;
				GCC_C_LANGUAGE_STANDARD = gnu99;
				GCC_NO_COMMON_BLOCKS = YES;
				GCC_WARN_64_TO_32_BIT_CONVERSION = YES;
				GCC_WARN_ABOUT_RETURN_TYPE = YES_ERROR;
				GCC_WARN_UNDECLARED_SELECTOR = YES;
				GCC_WARN_UNINITIALIZED_AUTOS = YES_AGGRESSIVE;
				GCC_WARN_UNUSED_FUNCTION = YES;
				GCC_WARN_UNUSED_VARIABLE = YES;
				IPHONEOS_DEPLOYMENT_TARGET = 9.2;
				MTL_ENABLE_DEBUG_INFO = NO;
				SDKROOT = iphoneos;
				VALIDATE_PRODUCT = YES;
			};
			name = Release;
		};
		D458A8151C5C36B200F47581 /* Debug */ = {
			isa = XCBuildConfiguration;
			baseConfigurationReference = 22A6800498CE19204F21989A /* Pods.debug.xcconfig */;
			buildSettings = {
				ALWAYS_SEARCH_USER_PATHS = YES;
				ASSETCATALOG_COMPILER_APPICON_NAME = AppIcon;
				CLANG_ENABLE_MODULES = YES;
				CODE_SIGN_IDENTITY = "iPhone Developer";
				"CODE_SIGN_IDENTITY[sdk=iphoneos*]" = "iPhone Developer";
				FRAMEWORK_SEARCH_PATHS = (
					"$(inherited)",
					"$(PROJECT_DIR)",
				);
				INFOPLIST_FILE = Doorbell/Info.plist;
				LD_RUNPATH_SEARCH_PATHS = "$(inherited) @executable_path/Frameworks";
				PRODUCT_BUNDLE_IDENTIFIER = com.DoorbellLLC.Doorbell;
				PRODUCT_NAME = "$(TARGET_NAME)";
				PROVISIONING_PROFILE = "";
				SWIFT_OBJC_BRIDGING_HEADER = "Doorbell/Doorbell-Bridging-Header.h";
				SWIFT_OPTIMIZATION_LEVEL = "-Onone";
			};
			name = Debug;
		};
		D458A8161C5C36B200F47581 /* Release */ = {
			isa = XCBuildConfiguration;
			baseConfigurationReference = 804D32184CDDE3BFB037E9A5 /* Pods.release.xcconfig */;
			buildSettings = {
				ALWAYS_SEARCH_USER_PATHS = YES;
				ASSETCATALOG_COMPILER_APPICON_NAME = AppIcon;
				CLANG_ENABLE_MODULES = YES;
				CODE_SIGN_IDENTITY = "iPhone Developer";
				"CODE_SIGN_IDENTITY[sdk=iphoneos*]" = "iPhone Developer";
				FRAMEWORK_SEARCH_PATHS = (
					"$(inherited)",
					"$(PROJECT_DIR)",
				);
				INFOPLIST_FILE = Doorbell/Info.plist;
				LD_RUNPATH_SEARCH_PATHS = "$(inherited) @executable_path/Frameworks";
				PRODUCT_BUNDLE_IDENTIFIER = com.DoorbellLLC.Doorbell;
				PRODUCT_NAME = "$(TARGET_NAME)";
				PROVISIONING_PROFILE = "";
				SWIFT_OBJC_BRIDGING_HEADER = "Doorbell/Doorbell-Bridging-Header.h";
			};
			name = Release;
		};
		D458A8181C5C36B200F47581 /* Debug */ = {
			isa = XCBuildConfiguration;
			buildSettings = {
				BUNDLE_LOADER = "$(TEST_HOST)";
				INFOPLIST_FILE = DoorbellTests/Info.plist;
				LD_RUNPATH_SEARCH_PATHS = "$(inherited) @executable_path/Frameworks @loader_path/Frameworks";
				PRODUCT_BUNDLE_IDENTIFIER = DoorbellLLC.DoorbellTests;
				PRODUCT_NAME = "$(TARGET_NAME)";
				TEST_HOST = "$(BUILT_PRODUCTS_DIR)/Doorbell.app/Doorbell";
			};
			name = Debug;
		};
		D458A8191C5C36B200F47581 /* Release */ = {
			isa = XCBuildConfiguration;
			buildSettings = {
				BUNDLE_LOADER = "$(TEST_HOST)";
				INFOPLIST_FILE = DoorbellTests/Info.plist;
				LD_RUNPATH_SEARCH_PATHS = "$(inherited) @executable_path/Frameworks @loader_path/Frameworks";
				PRODUCT_BUNDLE_IDENTIFIER = DoorbellLLC.DoorbellTests;
				PRODUCT_NAME = "$(TARGET_NAME)";
				TEST_HOST = "$(BUILT_PRODUCTS_DIR)/Doorbell.app/Doorbell";
			};
			name = Release;
		};
		D458A81B1C5C36B200F47581 /* Debug */ = {
			isa = XCBuildConfiguration;
			buildSettings = {
				INFOPLIST_FILE = DoorbellUITests/Info.plist;
				LD_RUNPATH_SEARCH_PATHS = "$(inherited) @executable_path/Frameworks @loader_path/Frameworks";
				PRODUCT_BUNDLE_IDENTIFIER = DoorbellLLC.DoorbellUITests;
				PRODUCT_NAME = "$(TARGET_NAME)";
				TEST_TARGET_NAME = Doorbell;
				USES_XCTRUNNER = YES;
			};
			name = Debug;
		};
		D458A81C1C5C36B200F47581 /* Release */ = {
			isa = XCBuildConfiguration;
			buildSettings = {
				INFOPLIST_FILE = DoorbellUITests/Info.plist;
				LD_RUNPATH_SEARCH_PATHS = "$(inherited) @executable_path/Frameworks @loader_path/Frameworks";
				PRODUCT_BUNDLE_IDENTIFIER = DoorbellLLC.DoorbellUITests;
				PRODUCT_NAME = "$(TARGET_NAME)";
				TEST_TARGET_NAME = Doorbell;
				USES_XCTRUNNER = YES;
			};
			name = Release;
		};
/* End XCBuildConfiguration section */

/* Begin XCConfigurationList section */
		D458A7E21C5C36B200F47581 /* Build configuration list for PBXProject "Doorbell" */ = {
			isa = XCConfigurationList;
			buildConfigurations = (
				D458A8121C5C36B200F47581 /* Debug */,
				D458A8131C5C36B200F47581 /* Release */,
			);
			defaultConfigurationIsVisible = 0;
			defaultConfigurationName = Release;
		};
		D458A8141C5C36B200F47581 /* Build configuration list for PBXNativeTarget "Doorbell" */ = {
			isa = XCConfigurationList;
			buildConfigurations = (
				D458A8151C5C36B200F47581 /* Debug */,
				D458A8161C5C36B200F47581 /* Release */,
			);
			defaultConfigurationIsVisible = 0;
			defaultConfigurationName = Release;
		};
		D458A8171C5C36B200F47581 /* Build configuration list for PBXNativeTarget "DoorbellTests" */ = {
			isa = XCConfigurationList;
			buildConfigurations = (
				D458A8181C5C36B200F47581 /* Debug */,
				D458A8191C5C36B200F47581 /* Release */,
			);
			defaultConfigurationIsVisible = 0;
			defaultConfigurationName = Release;
		};
		D458A81A1C5C36B200F47581 /* Build configuration list for PBXNativeTarget "DoorbellUITests" */ = {
			isa = XCConfigurationList;
			buildConfigurations = (
				D458A81B1C5C36B200F47581 /* Debug */,
				D458A81C1C5C36B200F47581 /* Release */,
			);
			defaultConfigurationIsVisible = 0;
			defaultConfigurationName = Release;
		};
/* End XCConfigurationList section */
	};
	rootObject = D458A7DF1C5C36B200F47581 /* Project object */;
}
